// !$*UTF8*$!
{
	archiveVersion = 1;
	classes = {
	};
	objectVersion = 50;
	objects = {

/* Begin PBXBuildFile section */
		955086BC23A79A7F0013B3D5 /* AppDelegate.swift in Sources */ = {isa = PBXBuildFile; fileRef = 955086BB23A79A7F0013B3D5 /* AppDelegate.swift */; };
		955086BE23A79A7F0013B3D5 /* SceneDelegate.swift in Sources */ = {isa = PBXBuildFile; fileRef = 955086BD23A79A7F0013B3D5 /* SceneDelegate.swift */; };
		955086C023A79A7F0013B3D5 /* ContentView.swift in Sources */ = {isa = PBXBuildFile; fileRef = 955086BF23A79A7F0013B3D5 /* ContentView.swift */; };
		955086C223A79A800013B3D5 /* Assets.xcassets in Resources */ = {isa = PBXBuildFile; fileRef = 955086C123A79A800013B3D5 /* Assets.xcassets */; };
		955086C523A79A800013B3D5 /* Preview Assets.xcassets in Resources */ = {isa = PBXBuildFile; fileRef = 955086C423A79A800013B3D5 /* Preview Assets.xcassets */; };
		955086C823A79A800013B3D5 /* LaunchScreen.storyboard in Resources */ = {isa = PBXBuildFile; fileRef = 955086C623A79A800013B3D5 /* LaunchScreen.storyboard */; };
		955086D223A79AC90013B3D5 /* SecureFieldIntroduction.swift in Sources */ = {isa = PBXBuildFile; fileRef = 955086D123A79AC90013B3D5 /* SecureFieldIntroduction.swift */; };
		955086D423A79BE10013B3D5 /* Customizations.swift in Sources */ = {isa = PBXBuildFile; fileRef = 955086D323A79BE10013B3D5 /* Customizations.swift */; };
		955086D623A7A0160013B3D5 /* CustomizationLayers.swift in Sources */ = {isa = PBXBuildFile; fileRef = 955086D523A7A0160013B3D5 /* CustomizationLayers.swift */; };
		955086D923A7A2070013B3D5 /* SegmentedControlIntroduction.swift in Sources */ = {isa = PBXBuildFile; fileRef = 955086D823A7A2070013B3D5 /* SegmentedControlIntroduction.swift */; };
		955086DB23A7A3C40013B3D5 /* NoSegmentSelected.swift in Sources */ = {isa = PBXBuildFile; fileRef = 955086DA23A7A3C40013B3D5 /* NoSegmentSelected.swift */; };
		955086DD23A7A61B0013B3D5 /* Colors.swift in Sources */ = {isa = PBXBuildFile; fileRef = 955086DC23A7A61B0013B3D5 /* Colors.swift */; };
/* End PBXBuildFile section */

/* Begin PBXFileReference section */
		955086B823A79A7F0013B3D5 /* ViewsJumpstart.app */ = {isa = PBXFileReference; explicitFileType = wrapper.application; includeInIndex = 0; path = ViewsJumpstart.app; sourceTree = BUILT_PRODUCTS_DIR; };
		955086BB23A79A7F0013B3D5 /* AppDelegate.swift */ = {isa = PBXFileReference; lastKnownFileType = sourcecode.swift; path = AppDelegate.swift; sourceTree = "<group>"; };
		955086BD23A79A7F0013B3D5 /* SceneDelegate.swift */ = {isa = PBXFileReference; lastKnownFileType = sourcecode.swift; path = SceneDelegate.swift; sourceTree = "<group>"; };
		955086BF23A79A7F0013B3D5 /* ContentView.swift */ = {isa = PBXFileReference; lastKnownFileType = sourcecode.swift; path = ContentView.swift; sourceTree = "<group>"; };
		955086C123A79A800013B3D5 /* Assets.xcassets */ = {isa = PBXFileReference; lastKnownFileType = folder.assetcatalog; path = Assets.xcassets; sourceTree = "<group>"; };
		955086C423A79A800013B3D5 /* Preview Assets.xcassets */ = {isa = PBXFileReference; lastKnownFileType = folder.assetcatalog; path = "Preview Assets.xcassets"; sourceTree = "<group>"; };
		955086C723A79A800013B3D5 /* Base */ = {isa = PBXFileReference; lastKnownFileType = file.storyboard; name = Base; path = Base.lproj/LaunchScreen.storyboard; sourceTree = "<group>"; };
		955086C923A79A800013B3D5 /* Info.plist */ = {isa = PBXFileReference; lastKnownFileType = text.plist.xml; path = Info.plist; sourceTree = "<group>"; };
		955086D123A79AC90013B3D5 /* SecureFieldIntroduction.swift */ = {isa = PBXFileReference; lastKnownFileType = sourcecode.swift; path = SecureFieldIntroduction.swift; sourceTree = "<group>"; };
		955086D323A79BE10013B3D5 /* Customizations.swift */ = {isa = PBXFileReference; lastKnownFileType = sourcecode.swift; path = Customizations.swift; sourceTree = "<group>"; };
		955086D523A7A0160013B3D5 /* CustomizationLayers.swift */ = {isa = PBXFileReference; lastKnownFileType = sourcecode.swift; path = CustomizationLayers.swift; sourceTree = "<group>"; };
		955086D823A7A2070013B3D5 /* SegmentedControlIntroduction.swift */ = {isa = PBXFileReference; lastKnownFileType = sourcecode.swift; path = SegmentedControlIntroduction.swift; sourceTree = "<group>"; };
		955086DA23A7A3C40013B3D5 /* NoSegmentSelected.swift */ = {isa = PBXFileReference; lastKnownFileType = sourcecode.swift; path = NoSegmentSelected.swift; sourceTree = "<group>"; };
		955086DC23A7A61B0013B3D5 /* Colors.swift */ = {isa = PBXFileReference; lastKnownFileType = sourcecode.swift; path = Colors.swift; sourceTree = "<group>"; };
/* End PBXFileReference section */

/* Begin PBXFrameworksBuildPhase section */
		955086B523A79A7F0013B3D5 /* Frameworks */ = {
			isa = PBXFrameworksBuildPhase;
			buildActionMask = 2147483647;
			files = (
			);
			runOnlyForDeploymentPostprocessing = 0;
		};
/* End PBXFrameworksBuildPhase section */

/* Begin PBXGroup section */
		955086AF23A79A7F0013B3D5 = {
			isa = PBXGroup;
			children = (
				955086BA23A79A7F0013B3D5 /* ViewsJumpstart */,
				955086B923A79A7F0013B3D5 /* Products */,
			);
			sourceTree = "<group>";
		};
		955086B923A79A7F0013B3D5 /* Products */ = {
			isa = PBXGroup;
			children = (
				955086B823A79A7F0013B3D5 /* ViewsJumpstart.app */,
			);
			name = Products;
			sourceTree = "<group>";
		};
		955086BA23A79A7F0013B3D5 /* ViewsJumpstart */ = {
			isa = PBXGroup;
			children = (
				955086CF23A79A8B0013B3D5 /* Control Views */,
				955086BB23A79A7F0013B3D5 /* AppDelegate.swift */,
				955086BD23A79A7F0013B3D5 /* SceneDelegate.swift */,
				955086BF23A79A7F0013B3D5 /* ContentView.swift */,
				955086C123A79A800013B3D5 /* Assets.xcassets */,
				955086C623A79A800013B3D5 /* LaunchScreen.storyboard */,
				955086C923A79A800013B3D5 /* Info.plist */,
				955086C323A79A800013B3D5 /* Preview Content */,
			);
			path = ViewsJumpstart;
			sourceTree = "<group>";
		};
		955086C323A79A800013B3D5 /* Preview Content */ = {
			isa = PBXGroup;
			children = (
				955086C423A79A800013B3D5 /* Preview Assets.xcassets */,
			);
			path = "Preview Content";
			sourceTree = "<group>";
		};
		955086CF23A79A8B0013B3D5 /* Control Views */ = {
			isa = PBXGroup;
			children = (
				955086D723A7A1B10013B3D5 /* SegmentedControl(Picker) */,
				955086D023A79A9A0013B3D5 /* SecureField */,
			);
			path = "Control Views";
			sourceTree = "<group>";
		};
		955086D023A79A9A0013B3D5 /* SecureField */ = {
			isa = PBXGroup;
			children = (
				955086D123A79AC90013B3D5 /* SecureFieldIntroduction.swift */,
				955086D323A79BE10013B3D5 /* Customizations.swift */,
				955086D523A7A0160013B3D5 /* CustomizationLayers.swift */,
			);
			path = SecureField;
			sourceTree = "<group>";
		};
		955086D723A7A1B10013B3D5 /* SegmentedControl(Picker) */ = {
			isa = PBXGroup;
			children = (
				955086D823A7A2070013B3D5 /* SegmentedControlIntroduction.swift */,
				955086DA23A7A3C40013B3D5 /* NoSegmentSelected.swift */,
				955086DC23A7A61B0013B3D5 /* Colors.swift */,
			);
			path = "SegmentedControl(Picker)";
			sourceTree = "<group>";
		};
/* End PBXGroup section */

/* Begin PBXNativeTarget section */
		955086B723A79A7F0013B3D5 /* ViewsJumpstart */ = {
			isa = PBXNativeTarget;
			buildConfigurationList = 955086CC23A79A800013B3D5 /* Build configuration list for PBXNativeTarget "ViewsJumpstart" */;
			buildPhases = (
				955086B423A79A7F0013B3D5 /* Sources */,
				955086B523A79A7F0013B3D5 /* Frameworks */,
				955086B623A79A7F0013B3D5 /* Resources */,
			);
			buildRules = (
			);
			dependencies = (
			);
			name = ViewsJumpstart;
			productName = ViewsJumpstart;
			productReference = 955086B823A79A7F0013B3D5 /* ViewsJumpstart.app */;
			productType = "com.apple.product-type.application";
		};
/* End PBXNativeTarget section */

/* Begin PBXProject section */
		955086B023A79A7F0013B3D5 /* Project object */ = {
			isa = PBXProject;
			attributes = {
				LastSwiftUpdateCheck = 1110;
				LastUpgradeCheck = 1110;
				ORGANIZATIONNAME = com.ri;
				TargetAttributes = {
					955086B723A79A7F0013B3D5 = {
						CreatedOnToolsVersion = 11.1;
					};
				};
			};
			buildConfigurationList = 955086B323A79A7F0013B3D5 /* Build configuration list for PBXProject "ViewsJumpstart" */;
			compatibilityVersion = "Xcode 9.3";
			developmentRegion = en;
			hasScannedForEncodings = 0;
			knownRegions = (
				en,
				Base,
			);
			mainGroup = 955086AF23A79A7F0013B3D5;
			productRefGroup = 955086B923A79A7F0013B3D5 /* Products */;
			projectDirPath = "";
			projectRoot = "";
			targets = (
				955086B723A79A7F0013B3D5 /* ViewsJumpstart */,
			);
		};
/* End PBXProject section */

/* Begin PBXResourcesBuildPhase section */
		955086B623A79A7F0013B3D5 /* Resources */ = {
			isa = PBXResourcesBuildPhase;
			buildActionMask = 2147483647;
			files = (
				955086C823A79A800013B3D5 /* LaunchScreen.storyboard in Resources */,
				955086C523A79A800013B3D5 /* Preview Assets.xcassets in Resources */,
				955086C223A79A800013B3D5 /* Assets.xcassets in Resources */,
			);
			runOnlyForDeploymentPostprocessing = 0;
		};
/* End PBXResourcesBuildPhase section */

/* Begin PBXSourcesBuildPhase section */
		955086B423A79A7F0013B3D5 /* Sources */ = {
			isa = PBXSourcesBuildPhase;
			buildActionMask = 2147483647;
			files = (
				955086D923A7A2070013B3D5 /* SegmentedControlIntroduction.swift in Sources */,
				955086DD23A7A61B0013B3D5 /* Colors.swift in Sources */,
				955086BC23A79A7F0013B3D5 /* AppDelegate.swift in Sources */,
				955086D223A79AC90013B3D5 /* SecureFieldIntroduction.swift in Sources */,
				955086DB23A7A3C40013B3D5 /* NoSegmentSelected.swift in Sources */,
				955086BE23A79A7F0013B3D5 /* SceneDelegate.swift in Sources */,
				955086D623A7A0160013B3D5 /* CustomizationLayers.swift in Sources */,
				955086D423A79BE10013B3D5 /* Customizations.swift in Sources */,
				955086C023A79A7F0013B3D5 /* ContentView.swift in Sources */,
			);
			runOnlyForDeploymentPostprocessing = 0;
		};
/* End PBXSourcesBuildPhase section */

/* Begin PBXVariantGroup section */
		955086C623A79A800013B3D5 /* LaunchScreen.storyboard */ = {
			isa = PBXVariantGroup;
			children = (
				955086C723A79A800013B3D5 /* Base */,
			);
			name = LaunchScreen.storyboard;
			sourceTree = "<group>";
		};
/* End PBXVariantGroup section */

/* Begin XCBuildConfiguration section */
		955086CA23A79A800013B3D5 /* Debug */ = {
			isa = XCBuildConfiguration;
			buildSettings = {
				ALWAYS_SEARCH_USER_PATHS = NO;
				CLANG_ANALYZER_NONNULL = YES;
				CLANG_ANALYZER_NUMBER_OBJECT_CONVERSION = YES_AGGRESSIVE;
				CLANG_CXX_LANGUAGE_STANDARD = "gnu++14";
				CLANG_CXX_LIBRARY = "libc++";
				CLANG_ENABLE_MODULES = YES;
				CLANG_ENABLE_OBJC_ARC = YES;
				CLANG_ENABLE_OBJC_WEAK = YES;
				CLANG_WARN_BLOCK_CAPTURE_AUTORELEASING = YES;
				CLANG_WARN_BOOL_CONVERSION = YES;
				CLANG_WARN_COMMA = YES;
				CLANG_WARN_CONSTANT_CONVERSION = YES;
				CLANG_WARN_DEPRECATED_OBJC_IMPLEMENTATIONS = YES;
				CLANG_WARN_DIRECT_OBJC_ISA_USAGE = YES_ERROR;
				CLANG_WARN_DOCUMENTATION_COMMENTS = YES;
				CLANG_WARN_EMPTY_BODY = YES;
				CLANG_WARN_ENUM_CONVERSION = YES;
				CLANG_WARN_INFINITE_RECURSION = YES;
				CLANG_WARN_INT_CONVERSION = YES;
				CLANG_WARN_NON_LITERAL_NULL_CONVERSION = YES;
				CLANG_WARN_OBJC_IMPLICIT_RETAIN_SELF = YES;
				CLANG_WARN_OBJC_LITERAL_CONVERSION = YES;
				CLANG_WARN_OBJC_ROOT_CLASS = YES_ERROR;
				CLANG_WARN_RANGE_LOOP_ANALYSIS = YES;
				CLANG_WARN_STRICT_PROTOTYPES = YES;
				CLANG_WARN_SUSPICIOUS_MOVE = YES;
				CLANG_WARN_UNGUARDED_AVAILABILITY = YES_AGGRESSIVE;
				CLANG_WARN_UNREACHABLE_CODE = YES;
				CLANG_WARN__DUPLICATE_METHOD_MATCH = YES;
				COPY_PHASE_STRIP = NO;
				DEBUG_INFORMATION_FORMAT = dwarf;
				ENABLE_STRICT_OBJC_MSGSEND = YES;
				ENABLE_TESTABILITY = YES;
				GCC_C_LANGUAGE_STANDARD = gnu11;
				GCC_DYNAMIC_NO_PIC = NO;
				GCC_NO_COMMON_BLOCKS = YES;
				GCC_OPTIMIZATION_LEVEL = 0;
				GCC_PREPROCESSOR_DEFINITIONS = (
					"DEBUG=1",
					"$(inherited)",
				);
				GCC_WARN_64_TO_32_BIT_CONVERSION = YES;
				GCC_WARN_ABOUT_RETURN_TYPE = YES_ERROR;
				GCC_WARN_UNDECLARED_SELECTOR = YES;
				GCC_WARN_UNINITIALIZED_AUTOS = YES_AGGRESSIVE;
				GCC_WARN_UNUSED_FUNCTION = YES;
				GCC_WARN_UNUSED_VARIABLE = YES;
				IPHONEOS_DEPLOYMENT_TARGET = 13.1;
				MTL_ENABLE_DEBUG_INFO = INCLUDE_SOURCE;
				MTL_FAST_MATH = YES;
				ONLY_ACTIVE_ARCH = YES;
				SDKROOT = iphoneos;
				SWIFT_ACTIVE_COMPILATION_CONDITIONS = DEBUG;
				SWIFT_OPTIMIZATION_LEVEL = "-Onone";
			};
			name = Debug;
		};
		955086CB23A79A800013B3D5 /* Release */ = {
			isa = XCBuildConfiguration;
			buildSettings = {
				ALWAYS_SEARCH_USER_PATHS = NO;
				CLANG_ANALYZER_NONNULL = YES;
				CLANG_ANALYZER_NUMBER_OBJECT_CONVERSION = YES_AGGRESSIVE;
				CLANG_CXX_LANGUAGE_STANDARD = "gnu++14";
				CLANG_CXX_LIBRARY = "libc++";
				CLANG_ENABLE_MODULES = YES;
				CLANG_ENABLE_OBJC_ARC = YES;
				CLANG_ENABLE_OBJC_WEAK = YES;
				CLANG_WARN_BLOCK_CAPTURE_AUTORELEASING = YES;
				CLANG_WARN_BOOL_CONVERSION = YES;
				CLANG_WARN_COMMA = YES;
				CLANG_WARN_CONSTANT_CONVERSION = YES;
				CLANG_WARN_DEPRECATED_OBJC_IMPLEMENTATIONS = YES;
				CLANG_WARN_DIRECT_OBJC_ISA_USAGE = YES_ERROR;
				CLANG_WARN_DOCUMENTATION_COMMENTS = YES;
				CLANG_WARN_EMPTY_BODY = YES;
				CLANG_WARN_ENUM_CONVERSION = YES;
				CLANG_WARN_INFINITE_RECURSION = YES;
				CLANG_WARN_INT_CONVERSION = YES;
				CLANG_WARN_NON_LITERAL_NULL_CONVERSION = YES;
				CLANG_WARN_OBJC_IMPLICIT_RETAIN_SELF = YES;
				CLANG_WARN_OBJC_LITERAL_CONVERSION = YES;
				CLANG_WARN_OBJC_ROOT_CLASS = YES_ERROR;
				CLANG_WARN_RANGE_LOOP_ANALYSIS = YES;
				CLANG_WARN_STRICT_PROTOTYPES = YES;
				CLANG_WARN_SUSPICIOUS_MOVE = YES;
				CLANG_WARN_UNGUARDED_AVAILABILITY = YES_AGGRESSIVE;
				CLANG_WARN_UNREACHABLE_CODE = YES;
				CLANG_WARN__DUPLICATE_METHOD_MATCH = YES;
				COPY_PHASE_STRIP = NO;
				DEBUG_INFORMATION_FORMAT = "dwarf-with-dsym";
				ENABLE_NS_ASSERTIONS = NO;
				ENABLE_STRICT_OBJC_MSGSEND = YES;
				GCC_C_LANGUAGE_STANDARD = gnu11;
				GCC_NO_COMMON_BLOCKS = YES;
				GCC_WARN_64_TO_32_BIT_CONVERSION = YES;
				GCC_WARN_ABOUT_RETURN_TYPE = YES_ERROR;
				GCC_WARN_UNDECLARED_SELECTOR = YES;
				GCC_WARN_UNINITIALIZED_AUTOS = YES_AGGRESSIVE;
				GCC_WARN_UNUSED_FUNCTION = YES;
				GCC_WARN_UNUSED_VARIABLE = YES;
				IPHONEOS_DEPLOYMENT_TARGET = 13.1;
				MTL_ENABLE_DEBUG_INFO = NO;
				MTL_FAST_MATH = YES;
				SDKROOT = iphoneos;
				SWIFT_COMPILATION_MODE = wholemodule;
				SWIFT_OPTIMIZATION_LEVEL = "-O";
				VALIDATE_PRODUCT = YES;
			};
			name = Release;
		};
		955086CD23A79A800013B3D5 /* Debug */ = {
			isa = XCBuildConfiguration;
			buildSettings = {
				ASSETCATALOG_COMPILER_APPICON_NAME = AppIcon;
				CODE_SIGN_STYLE = Automatic;
				DEVELOPMENT_ASSET_PATHS = "\"ViewsJumpstart/Preview Content\"";
				DEVELOPMENT_TEAM = L8W86DZDY2;
				ENABLE_PREVIEWS = YES;
				INFOPLIST_FILE = ViewsJumpstart/Info.plist;
				LD_RUNPATH_SEARCH_PATHS = (
					"$(inherited)",
					"@executable_path/Frameworks",
				);
				PRODUCT_BUNDLE_IDENTIFIER = com.ri.ViewsJumpstart;
				PRODUCT_NAME = "$(TARGET_NAME)";
				SWIFT_VERSION = 5.0;
				TARGETED_DEVICE_FAMILY = "1,2";
			};
			name = Debug;
		};
		955086CE23A79A800013B3D5 /* Release */ = {
			isa = XCBuildConfiguration;
			buildSettings = {
				ASSETCATALOG_COMPILER_APPICON_NAME = AppIcon;
				CODE_SIGN_STYLE = Automatic;
				DEVELOPMENT_ASSET_PATHS = "\"ViewsJumpstart/Preview Content\"";
				DEVELOPMENT_TEAM = L8W86DZDY2;
				ENABLE_PREVIEWS = YES;
				INFOPLIST_FILE = ViewsJumpstart/Info.plist;
				LD_RUNPATH_SEARCH_PATHS = (
					"$(inherited)",
					"@executable_path/Frameworks",
				);
				PRODUCT_BUNDLE_IDENTIFIER = com.ri.ViewsJumpstart;
				PRODUCT_NAME = "$(TARGET_NAME)";
				SWIFT_VERSION = 5.0;
				TARGETED_DEVICE_FAMILY = "1,2";
			};
			name = Release;
		};
/* End XCBuildConfiguration section */

/* Begin XCConfigurationList section */
		955086B323A79A7F0013B3D5 /* Build configuration list for PBXProject "ViewsJumpstart" */ = {
			isa = XCConfigurationList;
			buildConfigurations = (
				955086CA23A79A800013B3D5 /* Debug */,
				955086CB23A79A800013B3D5 /* Release */,
			);
			defaultConfigurationIsVisible = 0;
			defaultConfigurationName = Release;
		};
		955086CC23A79A800013B3D5 /* Build configuration list for PBXNativeTarget "ViewsJumpstart" */ = {
			isa = XCConfigurationList;
			buildConfigurations = (
				955086CD23A79A800013B3D5 /* Debug */,
				955086CE23A79A800013B3D5 /* Release */,
			);
			defaultConfigurationIsVisible = 0;
			defaultConfigurationName = Release;
		};
/* End XCConfigurationList section */
	};
	rootObject = 955086B023A79A7F0013B3D5 /* Project object */;
}
